
Microsoft Visual Studio Solution File, Format Version 12.00
# Visual Studio Version 17
VisualStudioVersion = 17.13.35806.99
MinimumVisualStudioVersion = 10.0.40219.1
Project("{FAE04EC0-301F-11D3-BF4B-00C04F79EFBC}") = "Laboratorioderepaso", "Laboratorioderepaso\Laboratorioderepaso.csproj", "{DABD2A19-6D8A-4A39-B87C-1FA44936144E}"
EndProject
Global
	GlobalSection(SolutionConfigurationPlatforms) = preSolution
		Debug|Any CPU = Debug|Any CPU
		Release|Any CPU = Release|Any CPU
	EndGlobalSection
	GlobalSection(ProjectConfigurationPlatforms) = postSolution
		{DABD2A19-6D8A-4A39-B87C-1FA44936144E}.Debug|Any CPU.ActiveCfg = Debug|Any CPU
		{DABD2A19-6D8A-4A39-B87C-1FA44936144E}.Debug|Any CPU.Build.0 = Debug|Any CPU
		{DABD2A19-6D8A-4A39-B87C-1FA44936144E}.Release|Any CPU.ActiveCfg = Release|Any CPU
		{DABD2A19-6D8A-4A39-B87C-1FA44936144E}.Release|Any CPU.Build.0 = Release|Any CPU
	EndGlobalSection
	GlobalSection(SolutionProperties) = preSolution
		HideSolutionNode = FALSE
	EndGlobalSection
	GlobalSection(ExtensibilityGlobals) = postSolution
		SolutionGuid = {9E9D85D5-7AA9-45C9-BBCD-5933EE261035}
	EndGlobalSection
EndGlobal
